// !$*UTF8*$!
{
	archiveVersion = 1;
	classes = {
	};
	objectVersion = 46;
	objects = {

/* Begin PBXBuildFile section */
		481737D91DCA95610028B2A9 /* Adjunct.cpp in Sources */ = {isa = PBXBuildFile; fileRef = 481737C81DCA95610028B2A9 /* Adjunct.cpp */; };
		481737DA1DCA95610028B2A9 /* Assistant.cpp in Sources */ = {isa = PBXBuildFile; fileRef = 481737CA1DCA95610028B2A9 /* Assistant.cpp */; };
		481737DB1DCA95610028B2A9 /* Course.cpp in Sources */ = {isa = PBXBuildFile; fileRef = 481737CD1DCA95610028B2A9 /* Course.cpp */; };
		481737DC1DCA95610028B2A9 /* Department.cpp in Sources */ = {isa = PBXBuildFile; fileRef = 481737D01DCA95610028B2A9 /* Department.cpp */; };
		481737DD1DCA95610028B2A9 /* GradCourse.cpp in Sources */ = {isa = PBXBuildFile; fileRef = 481737D31DCA95610028B2A9 /* GradCourse.cpp */; };
		481737DE1DCA95610028B2A9 /* Graduate.cpp in Sources */ = {isa = PBXBuildFile; fileRef = 481737D51DCA95610028B2A9 /* Graduate.cpp */; };
		481737DF1DCA95610028B2A9 /* Lecturer.cpp in Sources */ = {isa = PBXBuildFile; fileRef = 481737D71DCA95610028B2A9 /* Lecturer.cpp */; };
		481737E41DCA956D0028B2A9 /* Person.cpp in Sources */ = {isa = PBXBuildFile; fileRef = 481737E01DCA956D0028B2A9 /* Person.cpp */; };
		481737E51DCA956D0028B2A9 /* Professor.cpp in Sources */ = {isa = PBXBuildFile; fileRef = 481737E21DCA956D0028B2A9 /* Professor.cpp */; };
		481737F01DCA958A0028B2A9 /* RA.cpp in Sources */ = {isa = PBXBuildFile; fileRef = 481737E61DCA958A0028B2A9 /* RA.cpp */; };
		481737F11DCA958A0028B2A9 /* TA.cpp in Sources */ = {isa = PBXBuildFile; fileRef = 481737E81DCA958A0028B2A9 /* TA.cpp */; };
		481737F21DCA958A0028B2A9 /* Teacher.cpp in Sources */ = {isa = PBXBuildFile; fileRef = 481737EA1DCA958A0028B2A9 /* Teacher.cpp */; };
		481737F31DCA958A0028B2A9 /* UnderGradCourse.cpp in Sources */ = {isa = PBXBuildFile; fileRef = 481737EC1DCA958A0028B2A9 /* UnderGradCourse.cpp */; };
		481737F41DCA958A0028B2A9 /* UnderGraduate.cpp in Sources */ = {isa = PBXBuildFile; fileRef = 481737EE1DCA958A0028B2A9 /* UnderGraduate.cpp */; };
		481737F71DCA9C3E0028B2A9 /* main.cpp in Sources */ = {isa = PBXBuildFile; fileRef = 481737F61DCA9C3E0028B2A9 /* main.cpp */; };
/* End PBXBuildFile section */

/* Begin PBXCopyFilesBuildPhase section */
		481737BC1DCA95480028B2A9 /* CopyFiles */ = {
			isa = PBXCopyFilesBuildPhase;
			buildActionMask = 2147483647;
			dstPath = /usr/share/man/man1/;
			dstSubfolderSpec = 0;
			files = (
			);
			runOnlyForDeploymentPostprocessing = 1;
		};
/* End PBXCopyFilesBuildPhase section */

/* Begin PBXFileReference section */
		481737BE1DCA95480028B2A9 /* Project */ = {isa = PBXFileReference; explicitFileType = "compiled.mach-o.executable"; includeInIndex = 0; path = Project; sourceTree = BUILT_PRODUCTS_DIR; };
		481737C81DCA95610028B2A9 /* Adjunct.cpp */ = {isa = PBXFileReference; fileEncoding = 4; lastKnownFileType = sourcecode.cpp.cpp; name = Adjunct.cpp; path = ../../Adjunct.cpp; sourceTree = "<group>"; };
		481737C91DCA95610028B2A9 /* Adjunct.h */ = {isa = PBXFileReference; fileEncoding = 4; lastKnownFileType = sourcecode.c.h; name = Adjunct.h; path = ../../Adjunct.h; sourceTree = "<group>"; };
		481737CA1DCA95610028B2A9 /* Assistant.cpp */ = {isa = PBXFileReference; fileEncoding = 4; lastKnownFileType = sourcecode.cpp.cpp; name = Assistant.cpp; path = ../../Assistant.cpp; sourceTree = "<group>"; };
		481737CB1DCA95610028B2A9 /* Assistant.h */ = {isa = PBXFileReference; fileEncoding = 4; lastKnownFileType = sourcecode.c.h; name = Assistant.h; path = ../../Assistant.h; sourceTree = "<group>"; };
		481737CC1DCA95610028B2A9 /* CONSTANTS.h */ = {isa = PBXFileReference; fileEncoding = 4; lastKnownFileType = sourcecode.c.h; name = CONSTANTS.h; path = ../../CONSTANTS.h; sourceTree = "<group>"; };
		481737CD1DCA95610028B2A9 /* Course.cpp */ = {isa = PBXFileReference; fileEncoding = 4; lastKnownFileType = sourcecode.cpp.cpp; name = Course.cpp; path = ../../Course.cpp; sourceTree = "<group>"; };
		481737CE1DCA95610028B2A9 /* Course.h */ = {isa = PBXFileReference; fileEncoding = 4; lastKnownFileType = sourcecode.c.h; name = Course.h; path = ../../Course.h; sourceTree = "<group>"; };
		481737D01DCA95610028B2A9 /* Department.cpp */ = {isa = PBXFileReference; fileEncoding = 4; lastKnownFileType = sourcecode.cpp.cpp; name = Department.cpp; path = ../../Department.cpp; sourceTree = "<group>"; };
		481737D11DCA95610028B2A9 /* Department.h */ = {isa = PBXFileReference; fileEncoding = 4; lastKnownFileType = sourcecode.c.h; name = Department.h; path = ../../Department.h; sourceTree = "<group>"; };
		481737D31DCA95610028B2A9 /* GradCourse.cpp */ = {isa = PBXFileReference; fileEncoding = 4; lastKnownFileType = sourcecode.cpp.cpp; name = GradCourse.cpp; path = ../../GradCourse.cpp; sourceTree = "<group>"; };
		481737D41DCA95610028B2A9 /* GradCourse.h */ = {isa = PBXFileReference; fileEncoding = 4; lastKnownFileType = sourcecode.c.h; name = GradCourse.h; path = ../../GradCourse.h; sourceTree = "<group>"; };
		481737D51DCA95610028B2A9 /* Graduate.cpp */ = {isa = PBXFileReference; fileEncoding = 4; lastKnownFileType = sourcecode.cpp.cpp; name = Graduate.cpp; path = ../../Graduate.cpp; sourceTree = "<group>"; };
		481737D61DCA95610028B2A9 /* Graduate.h */ = {isa = PBXFileReference; fileEncoding = 4; lastKnownFileType = sourcecode.c.h; name = Graduate.h; path = ../../Graduate.h; sourceTree = "<group>"; };
		481737D71DCA95610028B2A9 /* Lecturer.cpp */ = {isa = PBXFileReference; fileEncoding = 4; lastKnownFileType = sourcecode.cpp.cpp; name = Lecturer.cpp; path = ../../Lecturer.cpp; sourceTree = "<group>"; };
		481737D81DCA95610028B2A9 /* Lecturer.h */ = {isa = PBXFileReference; fileEncoding = 4; lastKnownFileType = sourcecode.c.h; name = Lecturer.h; path = ../../Lecturer.h; sourceTree = "<group>"; };
		481737E01DCA956D0028B2A9 /* Person.cpp */ = {isa = PBXFileReference; fileEncoding = 4; lastKnownFileType = sourcecode.cpp.cpp; name = Person.cpp; path = ../../Person.cpp; sourceTree = "<group>"; };
		481737E11DCA956D0028B2A9 /* Person.h */ = {isa = PBXFileReference; fileEncoding = 4; lastKnownFileType = sourcecode.c.h; name = Person.h; path = ../../Person.h; sourceTree = "<group>"; };
		481737E21DCA956D0028B2A9 /* Professor.cpp */ = {isa = PBXFileReference; fileEncoding = 4; lastKnownFileType = sourcecode.cpp.cpp; name = Professor.cpp; path = ../../Professor.cpp; sourceTree = "<group>"; };
		481737E31DCA956D0028B2A9 /* Professor.h */ = {isa = PBXFileReference; fileEncoding = 4; lastKnownFileType = sourcecode.c.h; name = Professor.h; path = ../../Professor.h; sourceTree = "<group>"; };
		481737E61DCA958A0028B2A9 /* RA.cpp */ = {isa = PBXFileReference; fileEncoding = 4; lastKnownFileType = sourcecode.cpp.cpp; name = RA.cpp; path = ../../RA.cpp; sourceTree = "<group>"; };
		481737E71DCA958A0028B2A9 /* RA.h */ = {isa = PBXFileReference; fileEncoding = 4; lastKnownFileType = sourcecode.c.h; name = RA.h; path = ../../RA.h; sourceTree = "<group>"; };
		481737E81DCA958A0028B2A9 /* TA.cpp */ = {isa = PBXFileReference; fileEncoding = 4; lastKnownFileType = sourcecode.cpp.cpp; name = TA.cpp; path = ../../TA.cpp; sourceTree = "<group>"; };
		481737E91DCA958A0028B2A9 /* TA.h */ = {isa = PBXFileReference; fileEncoding = 4; lastKnownFileType = sourcecode.c.h; name = TA.h; path = ../../TA.h; sourceTree = "<group>"; };
		481737EA1DCA958A0028B2A9 /* Teacher.cpp */ = {isa = PBXFileReference; fileEncoding = 4; lastKnownFileType = sourcecode.cpp.cpp; name = Teacher.cpp; path = ../../Teacher.cpp; sourceTree = "<group>"; };
		481737EB1DCA958A0028B2A9 /* Teacher.h */ = {isa = PBXFileReference; fileEncoding = 4; lastKnownFileType = sourcecode.c.h; name = Teacher.h; path = ../../Teacher.h; sourceTree = "<group>"; };
		481737EC1DCA958A0028B2A9 /* UnderGradCourse.cpp */ = {isa = PBXFileReference; fileEncoding = 4; lastKnownFileType = sourcecode.cpp.cpp; name = UnderGradCourse.cpp; path = ../../UnderGradCourse.cpp; sourceTree = "<group>"; };
		481737ED1DCA958A0028B2A9 /* UnderGradCourse.h */ = {isa = PBXFileReference; fileEncoding = 4; lastKnownFileType = sourcecode.c.h; name = UnderGradCourse.h; path = ../../UnderGradCourse.h; sourceTree = "<group>"; };
		481737EE1DCA958A0028B2A9 /* UnderGraduate.cpp */ = {isa = PBXFileReference; fileEncoding = 4; lastKnownFileType = sourcecode.cpp.cpp; name = UnderGraduate.cpp; path = ../../UnderGraduate.cpp; sourceTree = "<group>"; };
		481737EF1DCA958A0028B2A9 /* UnderGraduate.h */ = {isa = PBXFileReference; fileEncoding = 4; lastKnownFileType = sourcecode.c.h; name = UnderGraduate.h; path = ../../UnderGraduate.h; sourceTree = "<group>"; };
		481737F61DCA9C3E0028B2A9 /* main.cpp */ = {isa = PBXFileReference; fileEncoding = 4; lastKnownFileType = sourcecode.cpp.cpp; name = main.cpp; path = ../../main.cpp; sourceTree = "<group>"; };
/* End PBXFileReference section */

/* Begin PBXFrameworksBuildPhase section */
		481737BB1DCA95480028B2A9 /* Frameworks */ = {
			isa = PBXFrameworksBuildPhase;
			buildActionMask = 2147483647;
			files = (
			);
			runOnlyForDeploymentPostprocessing = 0;
		};
/* End PBXFrameworksBuildPhase section */

/* Begin PBXGroup section */
		481737B51DCA95480028B2A9 = {
			isa = PBXGroup;
			children = (
				481737C01DCA95480028B2A9 /* Project */,
				481737BF1DCA95480028B2A9 /* Products */,
			);
			sourceTree = "<group>";
		};
		481737BF1DCA95480028B2A9 /* Products */ = {
			isa = PBXGroup;
			children = (
				481737BE1DCA95480028B2A9 /* Project */,
			);
			name = Products;
			sourceTree = "<group>";
		};
		481737C01DCA95480028B2A9 /* Project */ = {
			isa = PBXGroup;
			children = (
				481737F61DCA9C3E0028B2A9 /* main.cpp */,
				481737C81DCA95610028B2A9 /* Adjunct.cpp */,
				481737C91DCA95610028B2A9 /* Adjunct.h */,
				481737CA1DCA95610028B2A9 /* Assistant.cpp */,
				481737CB1DCA95610028B2A9 /* Assistant.h */,
				481737CC1DCA95610028B2A9 /* CONSTANTS.h */,
				481737CD1DCA95610028B2A9 /* Course.cpp */,
				481737CE1DCA95610028B2A9 /* Course.h */,
				481737D01DCA95610028B2A9 /* Department.cpp */,
				481737D11DCA95610028B2A9 /* Department.h */,
				481737D31DCA95610028B2A9 /* GradCourse.cpp */,
				481737D41DCA95610028B2A9 /* GradCourse.h */,
				481737D51DCA95610028B2A9 /* Graduate.cpp */,
				481737D61DCA95610028B2A9 /* Graduate.h */,
				481737D71DCA95610028B2A9 /* Lecturer.cpp */,
				481737D81DCA95610028B2A9 /* Lecturer.h */,
				481737E01DCA956D0028B2A9 /* Person.cpp */,
				481737E11DCA956D0028B2A9 /* Person.h */,
				481737E21DCA956D0028B2A9 /* Professor.cpp */,
				481737E31DCA956D0028B2A9 /* Professor.h */,
				481737E61DCA958A0028B2A9 /* RA.cpp */,
				481737E71DCA958A0028B2A9 /* RA.h */,
				481737E81DCA958A0028B2A9 /* TA.cpp */,
				481737E91DCA958A0028B2A9 /* TA.h */,
				481737EA1DCA958A0028B2A9 /* Teacher.cpp */,
				481737EB1DCA958A0028B2A9 /* Teacher.h */,
				481737EC1DCA958A0028B2A9 /* UnderGradCourse.cpp */,
				481737ED1DCA958A0028B2A9 /* UnderGradCourse.h */,
				481737EE1DCA958A0028B2A9 /* UnderGraduate.cpp */,
				481737EF1DCA958A0028B2A9 /* UnderGraduate.h */,
			);
			path = Project;
			sourceTree = "<group>";
		};
/* End PBXGroup section */

/* Begin PBXNativeTarget section */
		481737BD1DCA95480028B2A9 /* Project */ = {
			isa = PBXNativeTarget;
			buildConfigurationList = 481737C51DCA95480028B2A9 /* Build configuration list for PBXNativeTarget "Project" */;
			buildPhases = (
				481737BA1DCA95480028B2A9 /* Sources */,
				481737BB1DCA95480028B2A9 /* Frameworks */,
				481737BC1DCA95480028B2A9 /* CopyFiles */,
				481737F51DCA960F0028B2A9 /* ShellScript */,
			);
			buildRules = (
			);
			dependencies = (
			);
			name = Project;
			productName = Project;
			productReference = 481737BE1DCA95480028B2A9 /* Project */;
			productType = "com.apple.product-type.tool";
		};
/* End PBXNativeTarget section */

/* Begin PBXProject section */
		481737B61DCA95480028B2A9 /* Project object */ = {
			isa = PBXProject;
			attributes = {
				LastUpgradeCheck = 0800;
				ORGANIZATIONNAME = RandyMcMillan.net;
				TargetAttributes = {
					481737BD1DCA95480028B2A9 = {
						CreatedOnToolsVersion = 8.0;
						DevelopmentTeam = QP9MSC9X74;
						ProvisioningStyle = Automatic;
					};
				};
			};
			buildConfigurationList = 481737B91DCA95480028B2A9 /* Build configuration list for PBXProject "Project" */;
			compatibilityVersion = "Xcode 3.2";
			developmentRegion = English;
			hasScannedForEncodings = 0;
			knownRegions = (
				en,
			);
			mainGroup = 481737B51DCA95480028B2A9;
			productRefGroup = 481737BF1DCA95480028B2A9 /* Products */;
			projectDirPath = "";
			projectRoot = "";
			targets = (
				481737BD1DCA95480028B2A9 /* Project */,
			);
		};
/* End PBXProject section */

/* Begin PBXShellScriptBuildPhase section */
		481737F51DCA960F0028B2A9 /* ShellScript */ = {
			isa = PBXShellScriptBuildPhase;
			buildActionMask = 2147483647;
			files = (
			);
			inputPaths = (
			);
			outputPaths = (
			);
			runOnlyForDeploymentPostprocessing = 0;
			shellPath = /bin/sh;
			shellScript = "";
		};
/* End PBXShellScriptBuildPhase section */

/* Begin PBXSourcesBuildPhase section */
		481737BA1DCA95480028B2A9 /* Sources */ = {
			isa = PBXSourcesBuildPhase;
			buildActionMask = 2147483647;
			files = (
				481737F01DCA958A0028B2A9 /* RA.cpp in Sources */,
				481737DC1DCA95610028B2A9 /* Department.cpp in Sources */,
				481737DB1DCA95610028B2A9 /* Course.cpp in Sources */,
				481737F31DCA958A0028B2A9 /* UnderGradCourse.cpp in Sources */,
				481737DF1DCA95610028B2A9 /* Lecturer.cpp in Sources */,
				481737E41DCA956D0028B2A9 /* Person.cpp in Sources */,
				481737D91DCA95610028B2A9 /* Adjunct.cpp in Sources */,
				481737F41DCA958A0028B2A9 /* UnderGraduate.cpp in Sources */,
				481737F71DCA9C3E0028B2A9 /* main.cpp in Sources */,
				481737DD1DCA95610028B2A9 /* GradCourse.cpp in Sources */,
				481737F21DCA958A0028B2A9 /* Teacher.cpp in Sources */,
				481737F11DCA958A0028B2A9 /* TA.cpp in Sources */,
				481737E51DCA956D0028B2A9 /* Professor.cpp in Sources */,
				481737DE1DCA95610028B2A9 /* Graduate.cpp in Sources */,
				481737DA1DCA95610028B2A9 /* Assistant.cpp in Sources */,
			);
			runOnlyForDeploymentPostprocessing = 0;
		};
/* End PBXSourcesBuildPhase section */

/* Begin XCBuildConfiguration section */
		481737C31DCA95480028B2A9 /* Debug */ = {
			isa = XCBuildConfiguration;
			buildSettings = {
				ALWAYS_SEARCH_USER_PATHS = NO;
				CLANG_ANALYZER_NONNULL = YES;
				CLANG_CXX_LANGUAGE_STANDARD = "gnu++0x";
				CLANG_CXX_LIBRARY = "libc++";
				CLANG_ENABLE_MODULES = YES;
				CLANG_ENABLE_OBJC_ARC = YES;
				CLANG_WARN_BOOL_CONVERSION = YES;
				CLANG_WARN_CONSTANT_CONVERSION = YES;
				CLANG_WARN_DIRECT_OBJC_ISA_USAGE = YES_ERROR;
				CLANG_WARN_DOCUMENTATION_COMMENTS = YES;
				CLANG_WARN_EMPTY_BODY = YES;
				CLANG_WARN_ENUM_CONVERSION = YES;
				CLANG_WARN_INFINITE_RECURSION = YES;
				CLANG_WARN_INT_CONVERSION = YES;
				CLANG_WARN_OBJC_ROOT_CLASS = YES_ERROR;
				CLANG_WARN_SUSPICIOUS_MOVES = YES;
				CLANG_WARN_UNREACHABLE_CODE = YES;
				CLANG_WARN__DUPLICATE_METHOD_MATCH = YES;
				CODE_SIGN_IDENTITY = "-";
				COPY_PHASE_STRIP = NO;
				DEBUG_INFORMATION_FORMAT = dwarf;
				ENABLE_STRICT_OBJC_MSGSEND = YES;
				ENABLE_TESTABILITY = YES;
				GCC_C_LANGUAGE_STANDARD = gnu99;
				GCC_DYNAMIC_NO_PIC = NO;
				GCC_NO_COMMON_BLOCKS = YES;
				GCC_OPTIMIZATION_LEVEL = 0;
				GCC_PREPROCESSOR_DEFINITIONS = (
					"DEBUG=1",
					"$(inherited)",
				);
				GCC_WARN_64_TO_32_BIT_CONVERSION = YES;
				GCC_WARN_ABOUT_RETURN_TYPE = YES_ERROR;
				GCC_WARN_UNDECLARED_SELECTOR = YES;
				GCC_WARN_UNINITIALIZED_AUTOS = YES_AGGRESSIVE;
				GCC_WARN_UNUSED_FUNCTION = YES;
				GCC_WARN_UNUSED_VARIABLE = YES;
				MACOSX_DEPLOYMENT_TARGET = 10.11;
				MTL_ENABLE_DEBUG_INFO = YES;
				ONLY_ACTIVE_ARCH = YES;
				SDKROOT = macosx;
			};
			name = Debug;
		};
		481737C41DCA95480028B2A9 /* Release */ = {
			isa = XCBuildConfiguration;
			buildSettings = {
				ALWAYS_SEARCH_USER_PATHS = NO;
				CLANG_ANALYZER_NONNULL = YES;
				CLANG_CXX_LANGUAGE_STANDARD = "gnu++0x";
				CLANG_CXX_LIBRARY = "libc++";
				CLANG_ENABLE_MODULES = YES;
				CLANG_ENABLE_OBJC_ARC = YES;
				CLANG_WARN_BOOL_CONVERSION = YES;
				CLANG_WARN_CONSTANT_CONVERSION = YES;
				CLANG_WARN_DIRECT_OBJC_ISA_USAGE = YES_ERROR;
				CLANG_WARN_DOCUMENTATION_COMMENTS = YES;
				CLANG_WARN_EMPTY_BODY = YES;
				CLANG_WARN_ENUM_CONVERSION = YES;
				CLANG_WARN_INFINITE_RECURSION = YES;
				CLANG_WARN_INT_CONVERSION = YES;
				CLANG_WARN_OBJC_ROOT_CLASS = YES_ERROR;
				CLANG_WARN_SUSPICIOUS_MOVES = YES;
				CLANG_WARN_UNREACHABLE_CODE = YES;
				CLANG_WARN__DUPLICATE_METHOD_MATCH = YES;
				CODE_SIGN_IDENTITY = "-";
				COPY_PHASE_STRIP = NO;
				DEBUG_INFORMATION_FORMAT = "dwarf-with-dsym";
				ENABLE_NS_ASSERTIONS = NO;
				ENABLE_STRICT_OBJC_MSGSEND = YES;
				GCC_C_LANGUAGE_STANDARD = gnu99;
				GCC_NO_COMMON_BLOCKS = YES;
				GCC_WARN_64_TO_32_BIT_CONVERSION = YES;
				GCC_WARN_ABOUT_RETURN_TYPE = YES_ERROR;
				GCC_WARN_UNDECLARED_SELECTOR = YES;
				GCC_WARN_UNINITIALIZED_AUTOS = YES_AGGRESSIVE;
				GCC_WARN_UNUSED_FUNCTION = YES;
				GCC_WARN_UNUSED_VARIABLE = YES;
				MACOSX_DEPLOYMENT_TARGET = 10.11;
				MTL_ENABLE_DEBUG_INFO = NO;
				SDKROOT = macosx;
			};
			name = Release;
		};
		481737C61DCA95480028B2A9 /* Debug */ = {
			isa = XCBuildConfiguration;
			buildSettings = {
				DEVELOPMENT_TEAM = QP9MSC9X74;
				PRODUCT_NAME = "$(TARGET_NAME)";
			};
			name = Debug;
		};
		481737C71DCA95480028B2A9 /* Release */ = {
			isa = XCBuildConfiguration;
			buildSettings = {
				DEVELOPMENT_TEAM = QP9MSC9X74;
				PRODUCT_NAME = "$(TARGET_NAME)";
			};
			name = Release;
		};
/* End XCBuildConfiguration section */

/* Begin XCConfigurationList section */
		481737B91DCA95480028B2A9 /* Build configuration list for PBXProject "Project" */ = {
			isa = XCConfigurationList;
			buildConfigurations = (
				481737C31DCA95480028B2A9 /* Debug */,
				481737C41DCA95480028B2A9 /* Release */,
			);
			defaultConfigurationIsVisible = 0;
			defaultConfigurationName = Release;
		};
		481737C51DCA95480028B2A9 /* Build configuration list for PBXNativeTarget "Project" */ = {
			isa = XCConfigurationList;
			buildConfigurations = (
				481737C61DCA95480028B2A9 /* Debug */,
				481737C71DCA95480028B2A9 /* Release */,
			);
			defaultConfigurationIsVisible = 0;
		};
/* End XCConfigurationList section */
	};
	rootObject = 481737B61DCA95480028B2A9 /* Project object */;
}
